{
  "version": 4,
  "terraform_version": "1.15.8",
  "serial": 4,
  "lineage": "bc0ea0a5-1fee-0912-d68b-149973a2f108",
  "outputs": {
    "created_file_content": {
      "value": "Welcome to terraform! \r\nThis file was created using the local_file resource.\r\n\r\nMy first infrastructure as code project with terraform.\r\n",
      "type": "string"
    },
    "created_file_name": {
      "value": "welcome.txt",
      "type": "string"
    }
  },
  "resources": [
    {
      "mode": "managed",
      "type": "local_file",
      "name": "welcome_file",
      "provider": "provider[\"registry.terraform.io/hashicorp/local\"]",
      "instances": [
        {
          "schema_version": 0,
          "attributes": {
            "content": "Welcome to terraform! \r\nThis file was created using the local_file resource.\r\n\r\nMy first infrastructure as code project with terraform.\r\n",
            "content_base64": null,
            "content_base64sha256": "IATNeqPTsUENMPfXta5PEtBbzxs3t5aUNojSGcEtT6g=",
            "content_base64sha512": "d8lDOF/1KlM6OLRXHcIWZSKyvLYW3uLY5RtB4cQ3BCoE3CRwALajNncSUtAubPixDsqTna39pm6gZY3EB1eVow==",
            "content_md5": "f0561f7395d34a64046eaa1db441895d",
            "content_sha1": "e2b12c831fded2e4c600090def7ebecc6afa0a8c",
            "content_sha256": "2004cd7aa3d3b1410d30f7d7b5ae4f12d05bcf1b37b796943688d219c12d4fa8",
            "content_sha512": "77c943385ff52a533a38b4571dc2166522b2bcb616dee2d8e51b41e1c437042a04dc247000b6a336771252d02e6cf8b10eca939dadfda66ea0658dc4075795a3",
            "directory_permission": "0777",
            "file_permission": "0777",
            "filename": "welcome.txt",
            "id": "e2b12c831fded2e4c600090def7ebecc6afa0a8c",
            "sensitive_content": null,
            "source": null
          },
          "sensitive_attributes": [
            [
              {
                "type": "get_attr",
                "value": "sensitive_content"
              }
            ]
          ],
          "identity_schema_version": 0
        }
      ]
    }
  ],
  "check_results": null
}
