{
  "version": 4,
  "terraform_version": "1.15.8",
  "serial": 1,
  "lineage": "bc0ea0a5-1fee-0912-d68b-149973a2f108",
  "outputs": {
    "created_file_content": {
      "value": "Welcome to terraform! \r\nThis file was created using the local_file resource.\r\n",
      "type": "string"
    },
    "created_file_name": {
      "value": "welcome.txt",
      "type": "string"
    }
  },
  "resources": [
    {
      "mode": "managed",
      "type": "local_file",
      "name": "welcome_file",
      "provider": "provider[\"registry.terraform.io/hashicorp/local\"]",
      "instances": [
        {
          "schema_version": 0,
          "attributes": {
            "content": "Welcome to terraform! \r\nThis file was created using the local_file resource.\r\n",
            "content_base64": null,
            "content_base64sha256": "OrBCYMIHDu754Zf/OdZJP+7yiM/bcCdXS9tSon/NnCQ=",
            "content_base64sha512": "no3jWSIZVjjzCP/IAbRzT/cyS3nkbObhF9lkuss42zWno7Uh9ry2QI3LbgGwyqJosNMI2e4ncwIhGndFaKNo9w==",
            "content_md5": "3296d2e2ca6095cc4dd4c003860c3c06",
            "content_sha1": "edece98df9282c66ffda01aa4f3211ddcaafa3be",
            "content_sha256": "3ab04260c2070eeef9e197ff39d6493feef288cfdb7027574bdb52a27fcd9c24",
            "content_sha512": "9e8de35922195638f308ffc801b4734ff7324b79e46ce6e117d964bacb38db35a7a3b521f6bcb6408dcb6e01b0caa268b0d308d9ee277302211a774568a368f7",
            "directory_permission": "0777",
            "file_permission": "0777",
            "filename": "welcome.txt",
            "id": "edece98df9282c66ffda01aa4f3211ddcaafa3be",
            "sensitive_content": null,
            "source": null
          },
          "sensitive_attributes": [
            [
              {
                "type": "get_attr",
                "value": "sensitive_content"
              }
            ]
          ],
          "identity_schema_version": 0
        }
      ]
    }
  ],
  "check_results": null
}
